# This file is autogenerated, do not edit; changes may be undone by the next 'dep ensure'.


[[projects]]
  branch = "master"
  digest = "1:3651a7691180a385540fadaf7ebcc8708c061d3b1a9777312a23f7ba10ff6025"
  name = "github.com/codahale/blake2"
  packages = ["."]
  pruneopts = "UT"
  revision = "8d10d0420cbfbdc9c1164c0c4ad3457a6c3771b9"

[[projects]]
  digest = "1:a2c1d0e43bd3baaa071d1b9ed72c27d78169b2b269f71c105ac4ba34b1be4a39"
  name = "github.com/davecgh/go-spew"
  packages = ["spew"]
  pruneopts = "UT"
  revision = "346938d642f2ec3594ed81d874461961cd0faa76"
  version = "v1.1.0"

[[projects]]
  digest = "1:0594af97b2f4cec6554086eeace6597e20a4b69466eb4ada25adf9f4300dddd2"
  name = "github.com/garyburd/redigo"
  packages = [
    "internal",
    "redis",
  ]
  pruneopts = "UT"
  revision = "a69d19351219b6dd56f274f96d85a7014a2ec34e"
  version = "v1.6.0"

[[projects]]
  branch = "master"
  digest = "1:4a0c6bb4805508a6287675fac876be2ac1182539ca8a32468d8128882e9d5009"
  name = "github.com/golang/snappy"
  packages = ["."]
  pruneopts = "UT"
  revision = "2e65f85255dbc3072edf28d6b5b8efc472979f5a"

[[projects]]
  digest = "1:2c3e92804c65a67f4839dfd6c34a64b424d3297a57ccddc0a8f0e6a2661a189b"
  name = "github.com/hanwen/go-fuse"
  packages = [
    "fuse",
    "fuse/nodefs",
    "fuse/pathfs",
    "internal/utimens",
    "splice",
  ]
  pruneopts = "UT"
  revision = "95c6370914ac7822973d1893680e878e156f8d70"

[[projects]]
  digest = "1:3cafc6a5a1b8269605d9df4c6956d43d8011fc57f266ca6b9d04da6c09dee548"
  name = "github.com/mattn/go-sqlite3"
  packages = ["."]
  pruneopts = "UT"
  revision = "25ecb14adfc7543176f7d85291ec7dba82c6f7e4"
  version = "v1.9.0"

[[projects]]
  branch = "master"
  digest = "1:41f3b549dbb8216e490c27926c09dc055aa509b3476e7cbc3317103990b13aeb"
  name = "github.com/op/go-logging"
  packages = ["."]
  pruneopts = "UT"
  revision = "970db520ece77730c7e4724c61121037378659d9"

[[projects]]
  digest = "1:808cdddf087fb64baeae67b8dfaee2069034d9704923a3cb8bd96a995421a625"
  name = "github.com/patrickmn/go-cache"
  packages = ["."]
  pruneopts = "UT"
  revision = "a3647f8e31d79543b2d0f0ae2fe5c379d72cedc0"
  version = "v2.1.0"

[[projects]]
  digest = "1:40e195917a951a8bf867cd05de2a46aaf1806c50cf92eebf4c16f78cd196f747"
  name = "github.com/pkg/errors"
  packages = ["."]
  pruneopts = "UT"
  revision = "645ef00459ed84a119197bfb8d8205042c6df63d"
  version = "v0.8.0"

[[projects]]
  digest = "1:0028cb19b2e4c3112225cd871870f2d9cf49b9b4276531f03438a88e94be86fe"
  name = "github.com/pmezard/go-difflib"
  packages = ["difflib"]
  pruneopts = "UT"
  revision = "792786c7400a136282c1664665ae0a8db921c6c2"
  version = "v1.0.0"

[[projects]]
  digest = "1:ac83cf90d08b63ad5f7e020ef480d319ae890c208f8524622a2f3136e2686b02"
  name = "github.com/stretchr/objx"
  packages = ["."]
  pruneopts = "UT"
  revision = "477a77ecc69700c7cdeb1fa9e129548e1c1c393c"
  version = "v0.1.1"

[[projects]]
  digest = "1:15a4a7e5afac3cea801fa24831fce3bf3b5bd3620cbf8355a07b7dbf06877883"
  name = "github.com/stretchr/testify"
  packages = [
    "assert",
    "mock",
  ]
  pruneopts = "UT"
  revision = "f35b8ab0b5a2cef36673838d662e249dd9c94686"
  version = "v1.2.2"

[[projects]]
  branch = "master"
  digest = "1:847b2fa555d4d74ab5dc4d38b3930c4206b86a3dec76cb490251bbf151be526f"
  name = "github.com/xxtea/xxtea-go"
  packages = ["xxtea"]
  pruneopts = "UT"
  revision = "35c4b17eecf6c3c2350f8cecaf1b3f9f7fafc242"

[[projects]]
  branch = "master"
  digest = "1:76ee51c3f468493aff39dbacc401e8831fbb765104cbf613b89bef01cf4bad70"
  name = "golang.org/x/net"
  packages = ["context"]
  pruneopts = "UT"
  revision = "f9ce57c11b242f0f1599cf25c89d8cb02c45295a"

[[projects]]
  branch = "master"
  digest = "1:39ebcc2b11457b703ae9ee2e8cca0f68df21969c6102cb3b705f76cca0ea0239"
  name = "golang.org/x/sync"
  packages = ["errgroup"]
  pruneopts = "UT"
  revision = "1d60e4601c6fd243af51cc01ddf169918a5407ca"

[[projects]]
  branch = "master"
  digest = "1:05662433b3a13c921587a6e622b5722072edff83211efd1cd79eeaeedfd83f07"
  name = "golang.org/x/sys"
  packages = ["unix"]
  pruneopts = "UT"
  revision = "1c9583448a9c3aa0f9a6a5241bf73c0bd8aafded"

[[projects]]
  digest = "1:342378ac4dcb378a5448dd723f0784ae519383532f5e70ade24132c4c8693202"
  name = "gopkg.in/yaml.v2"
  packages = ["."]
  pruneopts = "UT"
  revision = "5420a8b6744d3b0345ab293f6fcba19c978f1183"
  version = "v2.2.1"

[[projects]]
  digest = "1:62a4a82a279754c697b47785d38521c4e61e2c8ad090deac65daf0d9c1fd1d8c"
  name = "zombiezen.com/go/capnproto2"
  packages = [
    ".",
    "encoding/text",
    "internal/nodemap",
    "internal/packed",
    "internal/schema",
    "internal/strquote",
    "schemas",
  ]
  pruneopts = "UT"
  revision = "7cfd211c19c7f5783c695f3654efa46f0df259c3"
  version = "v2.17.1"

[solve-meta]
  analyzer-name = "dep"
  analyzer-version = 1
  input-imports = [
    "github.com/codahale/blake2",
    "github.com/garyburd/redigo/redis",
    "github.com/golang/snappy",
    "github.com/hanwen/go-fuse/fuse",
    "github.com/hanwen/go-fuse/fuse/nodefs",
    "github.com/hanwen/go-fuse/fuse/pathfs",
    "github.com/mattn/go-sqlite3",
    "github.com/op/go-logging",
    "github.com/patrickmn/go-cache",
    "github.com/pkg/errors",
    "github.com/stretchr/testify/assert",
    "github.com/stretchr/testify/mock",
    "github.com/xxtea/xxtea-go/xxtea",
    "golang.org/x/sync/errgroup",
    "gopkg.in/yaml.v2",
    "zombiezen.com/go/capnproto2",
    "zombiezen.com/go/capnproto2/encoding/text",
    "zombiezen.com/go/capnproto2/schemas",
  ]
  solver-name = "gps-cdcl"
  solver-version = 1
